
Microsoft Visual Studio Solution File, Format Version 12.00
# Visual Studio Version 17
VisualStudioVersion = 17.13.35825.156 d17.13
MinimumVisualStudioVersion = 10.0.40219.1
Project("{FAE04EC0-301F-11D3-BF4B-00C04F79EFBC}") = "Project PBO", "Project PBO.csproj", "{D372497C-9CC5-482B-BD98-AAD54856D08D}"
EndProject
Global
	GlobalSection(SolutionConfigurationPlatforms) = preSolution
		Debug|Any CPU = Debug|Any CPU
		Release|Any CPU = Release|Any CPU
	EndGlobalSection
	GlobalSection(ProjectConfigurationPlatforms) = postSolution
		{D372497C-9CC5-482B-BD98-AAD54856D08D}.Debug|Any CPU.ActiveCfg = Debug|Any CPU
		{D372497C-9CC5-482B-BD98-AAD54856D08D}.Debug|Any CPU.Build.0 = Debug|Any CPU
		{D372497C-9CC5-482B-BD98-AAD54856D08D}.Release|Any CPU.ActiveCfg = Release|Any CPU
		{D372497C-9CC5-482B-BD98-AAD54856D08D}.Release|Any CPU.Build.0 = Release|Any CPU
	EndGlobalSection
	GlobalSection(SolutionProperties) = preSolution
		HideSolutionNode = FALSE
	EndGlobalSection
	GlobalSection(ExtensibilityGlobals) = postSolution
		SolutionGuid = {DE0BC309-A1FB-4F6B-9A0A-CC8466A3E854}
	EndGlobalSection
EndGlobal
